
Microsoft Visual Studio Solution File, Format Version 12.00
# Visual Studio 14
VisualStudioVersion = 14.0.25420.1
MinimumVisualStudioVersion = 10.0.40219.1
Project("{8BC9CEB8-8B4A-11D0-8D11-00A0C91BC942}") = "LearnOpenGL_1", "LearnOpenGL_1\LearnOpenGL_1.vcxproj", "{5D3D89A8-8DC6-473E-AE9A-A9BD5D44656B}"
EndProject
Project("{8BC9CEB8-8B4A-11D0-8D11-00A0C91BC942}") = "Breakout", "Breakout\Breakout.vcxproj", "{96B658AC-5C19-43EC-9AA2-297DCBADB440}"
EndProject
Global
	GlobalSection(SolutionConfigurationPlatforms) = preSolution
		Debug|x64 = Debug|x64
		Debug|x86 = Debug|x86
		Release|x64 = Release|x64
		Release|x86 = Release|x86
	EndGlobalSection
	GlobalSection(ProjectConfigurationPlatforms) = postSolution
		{5D3D89A8-8DC6-473E-AE9A-A9BD5D44656B}.Debug|x64.ActiveCfg = Debug|x64
		{5D3D89A8-8DC6-473E-AE9A-A9BD5D44656B}.Debug|x64.Build.0 = Debug|x64
		{5D3D89A8-8DC6-473E-AE9A-A9BD5D44656B}.Debug|x86.ActiveCfg = Debug|Win32
		{5D3D89A8-8DC6-473E-AE9A-A9BD5D44656B}.Debug|x86.Build.0 = Debug|Win32
		{5D3D89A8-8DC6-473E-AE9A-A9BD5D44656B}.Release|x64.ActiveCfg = Release|x64
		{5D3D89A8-8DC6-473E-AE9A-A9BD5D44656B}.Release|x64.Build.0 = Release|x64
		{5D3D89A8-8DC6-473E-AE9A-A9BD5D44656B}.Release|x86.ActiveCfg = Release|Win32
		{5D3D89A8-8DC6-473E-AE9A-A9BD5D44656B}.Release|x86.Build.0 = Release|Win32
		{96B658AC-5C19-43EC-9AA2-297DCBADB440}.Debug|x64.ActiveCfg = Debug|x64
		{96B658AC-5C19-43EC-9AA2-297DCBADB440}.Debug|x64.Build.0 = Debug|x64
		{96B658AC-5C19-43EC-9AA2-297DCBADB440}.Debug|x86.ActiveCfg = Debug|Win32
		{96B658AC-5C19-43EC-9AA2-297DCBADB440}.Debug|x86.Build.0 = Debug|Win32
		{96B658AC-5C19-43EC-9AA2-297DCBADB440}.Release|x64.ActiveCfg = Release|x64
		{96B658AC-5C19-43EC-9AA2-297DCBADB440}.Release|x64.Build.0 = Release|x64
		{96B658AC-5C19-43EC-9AA2-297DCBADB440}.Release|x86.ActiveCfg = Release|Win32
		{96B658AC-5C19-43EC-9AA2-297DCBADB440}.Release|x86.Build.0 = Release|Win32
	EndGlobalSection
	GlobalSection(SolutionProperties) = preSolution
		HideSolutionNode = FALSE
	EndGlobalSection
EndGlobal
