<?xml version="1.0" encoding="utf-8"?>
<Project ToolsVersion="4.0" xmlns="http://schemas.microsoft.com/developer/msbuild/2003">
  <ItemGroup>
    <Filter Include="Source Files">
      <UniqueIdentifier>{4FC737F1-C7A5-4376-A066-2A32D752A2FF}</UniqueIdentifier>
      <Extensions>cpp;c;cc;cxx;def;odl;idl;hpj;bat;asm;asmx</Extensions>
    </Filter>
    <Filter Include="Header Files">
      <UniqueIdentifier>{93995380-89BD-4b04-88EB-625FBE52EBFB}</UniqueIdentifier>
      <Extensions>h;hh;hpp;hxx;hm;inl;inc;xsd</Extensions>
    </Filter>
    <Filter Include="Resource Files">
      <UniqueIdentifier>{67DA6AB6-F800-4c08-8B7A-83BB121AAD01}</UniqueIdentifier>
      <Extensions>rc;ico;cur;bmp;dlg;rc2;rct;bin;rgs;gif;jpg;jpeg;jpe;resx;tiff;tif;png;wav;mfcribbon-ms</Extensions>
    </Filter>
    <Filter Include="Shader Files">
      <UniqueIdentifier>{36e1d550-187d-4d0d-847b-548ba4705dcf}</UniqueIdentifier>
    </Filter>
    <Filter Include="Texture Files">
      <UniqueIdentifier>{259beb66-7ac0-4f61-a6ad-25802a59bfbe}</UniqueIdentifier>
    </Filter>
  </ItemGroup>
  <ItemGroup>
    <ClCompile Include="src\glad.c">
      <Filter>Source Files</Filter>
    </ClCompile>
    <ClCompile Include="src\main.cpp">
      <Filter>Source Files</Filter>
    </ClCompile>
    <ClCompile Include="src\stb_image.cpp">
      <Filter>Source Files</Filter>
    </ClCompile>
    <ClCompile Include="src\game.cpp">
      <Filter>Source Files</Filter>
    </ClCompile>
    <ClCompile Include="src\shader.cpp">
      <Filter>Source Files</Filter>
    </ClCompile>
    <ClCompile Include="src\texture.cpp">
      <Filter>Source Files</Filter>
    </ClCompile>
    <ClCompile Include="src\resource_manager.cpp">
      <Filter>Source Files</Filter>
    </ClCompile>
    <ClCompile Include="src\sprite_renderer.cpp">
      <Filter>Source Files</Filter>
    </ClCompile>
    <ClCompile Include="src\game_object.cpp">
      <Filter>Source Files</Filter>
    </ClCompile>
    <ClCompile Include="src\game_level.cpp">
      <Filter>Source Files</Filter>
    </ClCompile>
    <ClCompile Include="src\ball_object.cpp">
      <Filter>Source Files</Filter>
    </ClCompile>
    <ClCompile Include="src\particle_generator.cpp">
      <Filter>Source Files</Filter>
    </ClCompile>
    <ClCompile Include="src\post_processor.cpp">
      <Filter>Source Files</Filter>
    </ClCompile>
    <ClCompile Include="src\text_renderer.cpp">
      <Filter>Source Files</Filter>
    </ClCompile>
  </ItemGroup>
  <ItemGroup>
    <ClInclude Include="inc\stb_image.h">
      <Filter>Header Files</Filter>
    </ClInclude>
    <ClInclude Include="inc\game.h">
      <Filter>Header Files</Filter>
    </ClInclude>
    <ClInclude Include="inc\shader.h">
      <Filter>Header Files</Filter>
    </ClInclude>
    <ClInclude Include="inc\texture.h">
      <Filter>Header Files</Filter>
    </ClInclude>
    <ClInclude Include="inc\resource_manager.h">
      <Filter>Header Files</Filter>
    </ClInclude>
    <ClInclude Include="inc\sprite_renderer.h">
      <Filter>Header Files</Filter>
    </ClInclude>
    <ClInclude Include="inc\game_object.h">
      <Filter>Header Files</Filter>
    </ClInclude>
    <ClInclude Include="inc\game_level.h">
      <Filter>Header Files</Filter>
    </ClInclude>
    <ClInclude Include="inc\ball_object.h">
      <Filter>Header Files</Filter>
    </ClInclude>
    <ClInclude Include="inc\particle_generator.h">
      <Filter>Header Files</Filter>
    </ClInclude>
    <ClInclude Include="inc\post_processor.h">
      <Filter>Header Files</Filter>
    </ClInclude>
    <ClInclude Include="inc\power_up.h">
      <Filter>Header Files</Filter>
    </ClInclude>
    <ClInclude Include="inc\text_renderer.h">
      <Filter>Header Files</Filter>
    </ClInclude>
  </ItemGroup>
  <ItemGroup>
    <None Include="shaders\sprite.fs">
      <Filter>Shader Files</Filter>
    </None>
    <None Include="shaders\sprite.vs">
      <Filter>Shader Files</Filter>
    </None>
    <None Include="shaders\particle.frag">
      <Filter>Shader Files</Filter>
    </None>
    <None Include="shaders\particle.vs">
      <Filter>Shader Files</Filter>
    </None>
    <None Include="shaders\post_processing.frag">
      <Filter>Shader Files</Filter>
    </None>
    <None Include="shaders\post_processing.vs">
      <Filter>Shader Files</Filter>
    </None>
    <None Include="shaders\text.fs">
      <Filter>Shader Files</Filter>
    </None>
    <None Include="shaders\text.vs">
      <Filter>Shader Files</Filter>
    </None>
  </ItemGroup>
</Project>